
Microsoft Visual Studio Solution File, Format Version 12.00
Project("{2150E333-8FDC-42A3-9474-1A3956D46DE8}") = "src", "src", "{F2498D1A-92C9-4903-AB64-87B53C3618E3}"
EndProject
Project("{FAE04EC0-301F-11D3-BF4B-00C04F79EFBC}") = "WebAPI", "src\WebAPI\WebAPI.csproj", "{95E9057B-7DC9-449F-8036-1559536A7B09}"
EndProject
Project("{FAE04EC0-301F-11D3-BF4B-00C04F79EFBC}") = "Domain", "src\Domain\Domain.csproj", "{4871B62E-2491-4826-BD72-29282CAC98FA}"
EndProject
Project("{FAE04EC0-301F-11D3-BF4B-00C04F79EFBC}") = "Tests", "src\Tests\Tests.csproj", "{E3979A68-406D-4966-8738-4F35E51C7F56}"
EndProject
Global
	GlobalSection(SolutionConfigurationPlatforms) = preSolution
		Debug|Any CPU = Debug|Any CPU
		Release|Any CPU = Release|Any CPU
	EndGlobalSection
	GlobalSection(NestedProjects) = preSolution
		{95E9057B-7DC9-449F-8036-1559536A7B09} = {F2498D1A-92C9-4903-AB64-87B53C3618E3}
		{4871B62E-2491-4826-BD72-29282CAC98FA} = {F2498D1A-92C9-4903-AB64-87B53C3618E3}
		{E3979A68-406D-4966-8738-4F35E51C7F56} = {F2498D1A-92C9-4903-AB64-87B53C3618E3}
	EndGlobalSection
	GlobalSection(ProjectConfigurationPlatforms) = postSolution
		{95E9057B-7DC9-449F-8036-1559536A7B09}.Debug|Any CPU.ActiveCfg = Debug|Any CPU
		{95E9057B-7DC9-449F-8036-1559536A7B09}.Debug|Any CPU.Build.0 = Debug|Any CPU
		{95E9057B-7DC9-449F-8036-1559536A7B09}.Release|Any CPU.ActiveCfg = Release|Any CPU
		{95E9057B-7DC9-449F-8036-1559536A7B09}.Release|Any CPU.Build.0 = Release|Any CPU
		{4871B62E-2491-4826-BD72-29282CAC98FA}.Debug|Any CPU.ActiveCfg = Debug|Any CPU
		{4871B62E-2491-4826-BD72-29282CAC98FA}.Debug|Any CPU.Build.0 = Debug|Any CPU
		{4871B62E-2491-4826-BD72-29282CAC98FA}.Release|Any CPU.ActiveCfg = Release|Any CPU
		{4871B62E-2491-4826-BD72-29282CAC98FA}.Release|Any CPU.Build.0 = Release|Any CPU
		{E3979A68-406D-4966-8738-4F35E51C7F56}.Debug|Any CPU.ActiveCfg = Debug|Any CPU
		{E3979A68-406D-4966-8738-4F35E51C7F56}.Debug|Any CPU.Build.0 = Debug|Any CPU
		{E3979A68-406D-4966-8738-4F35E51C7F56}.Release|Any CPU.ActiveCfg = Release|Any CPU
		{E3979A68-406D-4966-8738-4F35E51C7F56}.Release|Any CPU.Build.0 = Release|Any CPU
	EndGlobalSection
EndGlobal
